
Microsoft Visual Studio Solution File, Format Version 12.00
# Visual Studio Version 17
VisualStudioVersion = 17.2.32526.322
MinimumVisualStudioVersion = 10.0.40219.1
Project("{9A19103F-16F7-4668-BE54-9A1E7A4F7556}") = "LVLgroupApp", "LVLgroupApp\LVLgroupApp.csproj", "{36CA9160-6ECC-40B2-9D82-C66C1B24EBEF}"
	ProjectSection(ProjectDependencies) = postProject
		{3BBE0200-28FD-460B-86B0-FA48614BCB8E} = {3BBE0200-28FD-460B-86B0-FA48614BCB8E}
		{8349BC3E-DC6D-4274-AB07-87BD74FC18E2} = {8349BC3E-DC6D-4274-AB07-87BD74FC18E2}
	EndProjectSection
EndProject
Project("{9A19103F-16F7-4668-BE54-9A1E7A4F7556}") = "Core", "Core\Core.csproj", "{3BBE0200-28FD-460B-86B0-FA48614BCB8E}"
EndProject
Project("{9A19103F-16F7-4668-BE54-9A1E7A4F7556}") = "Infrastructure", "Infrastructure\Infrastructure.csproj", "{8349BC3E-DC6D-4274-AB07-87BD74FC18E2}"
	ProjectSection(ProjectDependencies) = postProject
		{3BBE0200-28FD-460B-86B0-FA48614BCB8E} = {3BBE0200-28FD-460B-86B0-FA48614BCB8E}
	EndProjectSection
EndProject
Project("{FAE04EC0-301F-11D3-BF4B-00C04F79EFBC}") = "LVLgroupApi", "LVLgroupApi\LVLgroupApi.csproj", "{F3C6C009-BBDC-4F0E-87C7-BD9533248D7F}"
EndProject
Global
	GlobalSection(SolutionConfigurationPlatforms) = preSolution
		Debug|Any CPU = Debug|Any CPU
		Release|Any CPU = Release|Any CPU
	EndGlobalSection
	GlobalSection(ProjectConfigurationPlatforms) = postSolution
		{36CA9160-6ECC-40B2-9D82-C66C1B24EBEF}.Debug|Any CPU.ActiveCfg = Debug|Any CPU
		{36CA9160-6ECC-40B2-9D82-C66C1B24EBEF}.Debug|Any CPU.Build.0 = Debug|Any CPU
		{36CA9160-6ECC-40B2-9D82-C66C1B24EBEF}.Release|Any CPU.ActiveCfg = Release|Any CPU
		{36CA9160-6ECC-40B2-9D82-C66C1B24EBEF}.Release|Any CPU.Build.0 = Release|Any CPU
		{3BBE0200-28FD-460B-86B0-FA48614BCB8E}.Debug|Any CPU.ActiveCfg = Debug|Any CPU
		{3BBE0200-28FD-460B-86B0-FA48614BCB8E}.Debug|Any CPU.Build.0 = Debug|Any CPU
		{3BBE0200-28FD-460B-86B0-FA48614BCB8E}.Release|Any CPU.ActiveCfg = Release|Any CPU
		{3BBE0200-28FD-460B-86B0-FA48614BCB8E}.Release|Any CPU.Build.0 = Release|Any CPU
		{8349BC3E-DC6D-4274-AB07-87BD74FC18E2}.Debug|Any CPU.ActiveCfg = Debug|Any CPU
		{8349BC3E-DC6D-4274-AB07-87BD74FC18E2}.Debug|Any CPU.Build.0 = Debug|Any CPU
		{8349BC3E-DC6D-4274-AB07-87BD74FC18E2}.Release|Any CPU.ActiveCfg = Release|Any CPU
		{8349BC3E-DC6D-4274-AB07-87BD74FC18E2}.Release|Any CPU.Build.0 = Release|Any CPU
		{F3C6C009-BBDC-4F0E-87C7-BD9533248D7F}.Debug|Any CPU.ActiveCfg = Debug|Any CPU
		{F3C6C009-BBDC-4F0E-87C7-BD9533248D7F}.Debug|Any CPU.Build.0 = Debug|Any CPU
		{F3C6C009-BBDC-4F0E-87C7-BD9533248D7F}.Release|Any CPU.ActiveCfg = Release|Any CPU
		{F3C6C009-BBDC-4F0E-87C7-BD9533248D7F}.Release|Any CPU.Build.0 = Release|Any CPU
	EndGlobalSection
	GlobalSection(SolutionProperties) = preSolution
		HideSolutionNode = FALSE
	EndGlobalSection
	GlobalSection(ExtensibilityGlobals) = postSolution
		SolutionGuid = {A73D3A3B-B970-48BA-BF3A-4E10175F1074}
	EndGlobalSection
EndGlobal
